
Microsoft Visual Studio Solution File, Format Version 12.00
# Visual Studio Version 17
VisualStudioVersion = 17.9.34728.123
MinimumVisualStudioVersion = 10.0.40219.1
Project("{2150E333-8FDC-42A3-9474-1A3956D46DE8}") = "ApiConsume", "ApiConsume", "{D14DB210-7F84-4007-B53E-AAB5528EB7BD}"
EndProject
Project("{2150E333-8FDC-42A3-9474-1A3956D46DE8}") = "Frontend", "Frontend", "{8FDE1C97-30E4-4366-B770-3C5B39664FE4}"
EndProject
Project("{2150E333-8FDC-42A3-9474-1A3956D46DE8}") = "ToDoList", "ToDoList", "{CBCED927-27A3-4042-A2A9-FB833E2D6542}"
EndProject
Project("{FAE04EC0-301F-11D3-BF4B-00C04F79EFBC}") = "HotelProject.WebApi", "HotelProject.WebApi\HotelProject.WebApi.csproj", "{48E27EE2-81CD-4800-8993-FD174ABFE09A}"
EndProject
Project("{FAE04EC0-301F-11D3-BF4B-00C04F79EFBC}") = "HotelProject.EntityLayer", "HotelProject.EntityLayer\HotelProject.EntityLayer.csproj", "{F876B710-A115-480A-B73F-72581C49193F}"
EndProject
Project("{FAE04EC0-301F-11D3-BF4B-00C04F79EFBC}") = "HotelProject.DataAccessLayer", "HotelProject.DataAccessLayer\HotelProject.DataAccessLayer.csproj", "{A4BCF704-8D54-4F3F-8C3F-611C9C2FD01D}"
EndProject
Project("{FAE04EC0-301F-11D3-BF4B-00C04F79EFBC}") = "HotelProject.BusinnesLayer", "HotelProject.BusinnesLayer\HotelProject.BusinnesLayer.csproj", "{2C08A8E3-9CAE-47E6-A83D-7A8C051728A7}"
EndProject
Project("{FAE04EC0-301F-11D3-BF4B-00C04F79EFBC}") = "HotelProject.DtoLayer", "HotelProject.DtoLayer\HotelProject.DtoLayer.csproj", "{1A1C4207-70D1-4726-994C-6F0177DA8551}"
EndProject
Project("{FAE04EC0-301F-11D3-BF4B-00C04F79EFBC}") = "HotelProject.WebUI", "HotelProject.WebUI\HotelProject.WebUI.csproj", "{95A07431-D315-4DE4-93E4-101491BEE7D5}"
EndProject
Global
	GlobalSection(SolutionConfigurationPlatforms) = preSolution
		Debug|Any CPU = Debug|Any CPU
		Release|Any CPU = Release|Any CPU
	EndGlobalSection
	GlobalSection(ProjectConfigurationPlatforms) = postSolution
		{48E27EE2-81CD-4800-8993-FD174ABFE09A}.Debug|Any CPU.ActiveCfg = Debug|Any CPU
		{48E27EE2-81CD-4800-8993-FD174ABFE09A}.Debug|Any CPU.Build.0 = Debug|Any CPU
		{48E27EE2-81CD-4800-8993-FD174ABFE09A}.Release|Any CPU.ActiveCfg = Release|Any CPU
		{48E27EE2-81CD-4800-8993-FD174ABFE09A}.Release|Any CPU.Build.0 = Release|Any CPU
		{F876B710-A115-480A-B73F-72581C49193F}.Debug|Any CPU.ActiveCfg = Debug|Any CPU
		{F876B710-A115-480A-B73F-72581C49193F}.Debug|Any CPU.Build.0 = Debug|Any CPU
		{F876B710-A115-480A-B73F-72581C49193F}.Release|Any CPU.ActiveCfg = Release|Any CPU
		{F876B710-A115-480A-B73F-72581C49193F}.Release|Any CPU.Build.0 = Release|Any CPU
		{A4BCF704-8D54-4F3F-8C3F-611C9C2FD01D}.Debug|Any CPU.ActiveCfg = Debug|Any CPU
		{A4BCF704-8D54-4F3F-8C3F-611C9C2FD01D}.Debug|Any CPU.Build.0 = Debug|Any CPU
		{A4BCF704-8D54-4F3F-8C3F-611C9C2FD01D}.Release|Any CPU.ActiveCfg = Release|Any CPU
		{A4BCF704-8D54-4F3F-8C3F-611C9C2FD01D}.Release|Any CPU.Build.0 = Release|Any CPU
		{2C08A8E3-9CAE-47E6-A83D-7A8C051728A7}.Debug|Any CPU.ActiveCfg = Debug|Any CPU
		{2C08A8E3-9CAE-47E6-A83D-7A8C051728A7}.Debug|Any CPU.Build.0 = Debug|Any CPU
		{2C08A8E3-9CAE-47E6-A83D-7A8C051728A7}.Release|Any CPU.ActiveCfg = Release|Any CPU
		{2C08A8E3-9CAE-47E6-A83D-7A8C051728A7}.Release|Any CPU.Build.0 = Release|Any CPU
		{1A1C4207-70D1-4726-994C-6F0177DA8551}.Debug|Any CPU.ActiveCfg = Debug|Any CPU
		{1A1C4207-70D1-4726-994C-6F0177DA8551}.Debug|Any CPU.Build.0 = Debug|Any CPU
		{1A1C4207-70D1-4726-994C-6F0177DA8551}.Release|Any CPU.ActiveCfg = Release|Any CPU
		{1A1C4207-70D1-4726-994C-6F0177DA8551}.Release|Any CPU.Build.0 = Release|Any CPU
		{95A07431-D315-4DE4-93E4-101491BEE7D5}.Debug|Any CPU.ActiveCfg = Debug|Any CPU
		{95A07431-D315-4DE4-93E4-101491BEE7D5}.Debug|Any CPU.Build.0 = Debug|Any CPU
		{95A07431-D315-4DE4-93E4-101491BEE7D5}.Release|Any CPU.ActiveCfg = Release|Any CPU
		{95A07431-D315-4DE4-93E4-101491BEE7D5}.Release|Any CPU.Build.0 = Release|Any CPU
	EndGlobalSection
	GlobalSection(SolutionProperties) = preSolution
		HideSolutionNode = FALSE
	EndGlobalSection
	GlobalSection(NestedProjects) = preSolution
		{48E27EE2-81CD-4800-8993-FD174ABFE09A} = {D14DB210-7F84-4007-B53E-AAB5528EB7BD}
		{F876B710-A115-480A-B73F-72581C49193F} = {D14DB210-7F84-4007-B53E-AAB5528EB7BD}
		{A4BCF704-8D54-4F3F-8C3F-611C9C2FD01D} = {D14DB210-7F84-4007-B53E-AAB5528EB7BD}
		{2C08A8E3-9CAE-47E6-A83D-7A8C051728A7} = {D14DB210-7F84-4007-B53E-AAB5528EB7BD}
		{1A1C4207-70D1-4726-994C-6F0177DA8551} = {D14DB210-7F84-4007-B53E-AAB5528EB7BD}
		{95A07431-D315-4DE4-93E4-101491BEE7D5} = {8FDE1C97-30E4-4366-B770-3C5B39664FE4}
	EndGlobalSection
	GlobalSection(ExtensibilityGlobals) = postSolution
		SolutionGuid = {8D432203-BEF0-4154-A3DF-2F2F49314F5F}
	EndGlobalSection
EndGlobal
